
Microsoft Visual Studio Solution File, Format Version 12.00
# Visual Studio Version 17
VisualStudioVersion = 17.6.33815.320
MinimumVisualStudioVersion = 10.0.40219.1
Project("{2150E333-8FDC-42A3-9474-1A3956D46DE8}") = "FrontEnd", "FrontEnd", "{C7AE18F2-DA5C-4095-A4FD-BFB9390ACE87}"
EndProject
Project("{2150E333-8FDC-42A3-9474-1A3956D46DE8}") = "GateWay", "GateWay", "{CDF668F4-0DE3-48AA-A905-E9A4FB9EEDD1}"
EndProject
Project("{2150E333-8FDC-42A3-9474-1A3956D46DE8}") = "Integration", "Integration", "{C5959422-21C2-491B-993F-C643594BF019}"
EndProject
Project("{2150E333-8FDC-42A3-9474-1A3956D46DE8}") = "Services", "Services", "{712561D2-7D3D-46F2-A0C5-8E7C29D1D477}"
EndProject
Project("{FAE04EC0-301F-11D3-BF4B-00C04F79EFBC}") = "Mango.Services.CouponAPI", "Mango.Services.CouponAPI\Mango.Services.CouponAPI.csproj", "{77E3FA2E-D897-48E7-B67C-0AD2B3BED4C4}"
EndProject
Global
	GlobalSection(SolutionConfigurationPlatforms) = preSolution
		Debug|Any CPU = Debug|Any CPU
		Release|Any CPU = Release|Any CPU
	EndGlobalSection
	GlobalSection(ProjectConfigurationPlatforms) = postSolution
		{77E3FA2E-D897-48E7-B67C-0AD2B3BED4C4}.Debug|Any CPU.ActiveCfg = Debug|Any CPU
		{77E3FA2E-D897-48E7-B67C-0AD2B3BED4C4}.Debug|Any CPU.Build.0 = Debug|Any CPU
		{77E3FA2E-D897-48E7-B67C-0AD2B3BED4C4}.Release|Any CPU.ActiveCfg = Release|Any CPU
		{77E3FA2E-D897-48E7-B67C-0AD2B3BED4C4}.Release|Any CPU.Build.0 = Release|Any CPU
	EndGlobalSection
	GlobalSection(SolutionProperties) = preSolution
		HideSolutionNode = FALSE
	EndGlobalSection
	GlobalSection(NestedProjects) = preSolution
		{77E3FA2E-D897-48E7-B67C-0AD2B3BED4C4} = {712561D2-7D3D-46F2-A0C5-8E7C29D1D477}
	EndGlobalSection
	GlobalSection(ExtensibilityGlobals) = postSolution
		SolutionGuid = {0993167C-B875-4387-B8EC-78A93564E75A}
	EndGlobalSection
EndGlobal
